
Microsoft Visual Studio Solution File, Format Version 12.00
# Visual Studio Version 16
VisualStudioVersion = 16.0.31313.79
MinimumVisualStudioVersion = 10.0.40219.1
Project("{9A19103F-16F7-4668-BE54-9A1E7A4F7556}") = "Workout", "Workout\Workout.csproj", "{79C03A1D-C63A-4724-AA5E-FB7D1F8C588A}"
EndProject
Global
	GlobalSection(SolutionConfigurationPlatforms) = preSolution
		Debug|Any CPU = Debug|Any CPU
		Release|Any CPU = Release|Any CPU
	EndGlobalSection
	GlobalSection(ProjectConfigurationPlatforms) = postSolution
		{79C03A1D-C63A-4724-AA5E-FB7D1F8C588A}.Debug|Any CPU.ActiveCfg = Debug|Any CPU
		{79C03A1D-C63A-4724-AA5E-FB7D1F8C588A}.Debug|Any CPU.Build.0 = Debug|Any CPU
		{79C03A1D-C63A-4724-AA5E-FB7D1F8C588A}.Release|Any CPU.ActiveCfg = Release|Any CPU
		{79C03A1D-C63A-4724-AA5E-FB7D1F8C588A}.Release|Any CPU.Build.0 = Release|Any CPU
	EndGlobalSection
	GlobalSection(SolutionProperties) = preSolution
		HideSolutionNode = FALSE
	EndGlobalSection
	GlobalSection(ExtensibilityGlobals) = postSolution
		SolutionGuid = {08A465D6-FA42-470D-8D08-138DAEAA6BBA}
	EndGlobalSection
EndGlobal
