
Microsoft Visual Studio Solution File, Format Version 12.00
# Visual Studio Version 16
VisualStudioVersion = 16.0.31515.178
MinimumVisualStudioVersion = 10.0.40219.1
Project("{FAE04EC0-301F-11D3-BF4B-00C04F79EFBC}") = "frontend-rebuild", "workout-frontend-rebuild\frontend-rebuild.csproj", "{C7649467-FE81-4DD7-9536-BF2997327333}"
EndProject
Project("{2150E333-8FDC-42A3-9474-1A3956D46DE8}") = "Solution Items", "Solution Items", "{54291A8E-C822-414F-9136-0633C989AE44}"
	ProjectSection(SolutionItems) = preProject
		.editorconfig = .editorconfig
	EndProjectSection
EndProject
Global
	GlobalSection(SolutionConfigurationPlatforms) = preSolution
		Debug|Any CPU = Debug|Any CPU
		Release|Any CPU = Release|Any CPU
	EndGlobalSection
	GlobalSection(ProjectConfigurationPlatforms) = postSolution
		{C7649467-FE81-4DD7-9536-BF2997327333}.Debug|Any CPU.ActiveCfg = Debug|Any CPU
		{C7649467-FE81-4DD7-9536-BF2997327333}.Debug|Any CPU.Build.0 = Debug|Any CPU
		{C7649467-FE81-4DD7-9536-BF2997327333}.Release|Any CPU.ActiveCfg = Release|Any CPU
		{C7649467-FE81-4DD7-9536-BF2997327333}.Release|Any CPU.Build.0 = Release|Any CPU
	EndGlobalSection
	GlobalSection(SolutionProperties) = preSolution
		HideSolutionNode = FALSE
	EndGlobalSection
	GlobalSection(ExtensibilityGlobals) = postSolution
		SolutionGuid = {79BA788F-81FF-481B-A34C-9A8FA0E48B34}
	EndGlobalSection
EndGlobal
